
Microsoft Visual Studio Solution File, Format Version 12.00
# Visual Studio Version 16
VisualStudioVersion = 16.0.32126.315
MinimumVisualStudioVersion = 10.0.40219.1
Project("{FAE04EC0-301F-11D3-BF4B-00C04F79EFBC}") = "TravelAPI-BackEnd", "TravelAPI-BackEnd\TravelAPI-BackEnd.csproj", "{81ADB77F-6B1C-48AD-80BE-8601E127399B}"
EndProject
Global
	GlobalSection(SolutionConfigurationPlatforms) = preSolution
		Debug|Any CPU = Debug|Any CPU
		Release|Any CPU = Release|Any CPU
	EndGlobalSection
	GlobalSection(ProjectConfigurationPlatforms) = postSolution
		{81ADB77F-6B1C-48AD-80BE-8601E127399B}.Debug|Any CPU.ActiveCfg = Debug|Any CPU
		{81ADB77F-6B1C-48AD-80BE-8601E127399B}.Debug|Any CPU.Build.0 = Debug|Any CPU
		{81ADB77F-6B1C-48AD-80BE-8601E127399B}.Release|Any CPU.ActiveCfg = Release|Any CPU
		{81ADB77F-6B1C-48AD-80BE-8601E127399B}.Release|Any CPU.Build.0 = Release|Any CPU
	EndGlobalSection
	GlobalSection(SolutionProperties) = preSolution
		HideSolutionNode = FALSE
	EndGlobalSection
	GlobalSection(ExtensibilityGlobals) = postSolution
		SolutionGuid = {B284DFFD-3B93-4FA5-A351-C46457DBB696}
	EndGlobalSection
EndGlobal
